<?xml version="1.0" encoding="utf-8"?>
<Project ToolsVersion="4.0" xmlns="http://schemas.microsoft.com/developer/msbuild/2003">
  <ItemGroup>
    <Filter Include="Source Files">
      <UniqueIdentifier>{7376bb42-d379-4475-95af-683131ef0c26}</UniqueIdentifier>
    </Filter>
    <Filter Include="Header Files">
      <UniqueIdentifier>{e88d9ad1-2232-41f6-bc6a-bf4263bd942a}</UniqueIdentifier>
    </Filter>
  </ItemGroup>
  <ItemGroup>
    <ClInclude Include="declaration.h">
      <Filter>Header Files</Filter>
    </ClInclude>
    <ClInclude Include="defines.h">
      <Filter>Header Files</Filter>
    </ClInclude>
    <ClInclude Include="external_func.h">
      <Filter>Header Files</Filter>
    </ClInclude>
    <ClInclude Include="external_vars.h">
      <Filter>Header Files</Filter>
    </ClInclude>
    <ClInclude Include="main_api.h">
      <Filter>Header Files</Filter>
    </ClInclude>
    <ClInclude Include="main_vars.h">
      <Filter>Header Files</Filter>
    </ClInclude>
    <ClInclude Include="utils.h">
      <Filter>Header Files</Filter>
    </ClInclude>
    <ClInclude Include="database.h">
      <Filter>Header Files</Filter>
    </ClInclude>
    <ClInclude Include="read_data.h">
      <Filter>Header Files</Filter>
    </ClInclude>
    <ClInclude Include="ipcam.h">
      <Filter>Header Files</Filter>
    </ClInclude>
    <ClInclude Include="log.h">
      <Filter>Header Files</Filter>
    </ClInclude>
    <ClInclude Include="a_progam_ver.h">
      <Filter>Header Files</Filter>
    </ClInclude>
    <ClInclude Include="a_release_notes.h">
      <Filter>Header Files</Filter>
    </ClInclude>
    <ClInclude Include="led.h">
      <Filter>Header Files</Filter>
    </ClInclude>
  </ItemGroup>
  <ItemGroup>
    <ClCompile Include="database.cpp">
      <Filter>Source Files</Filter>
    </ClCompile>
    <ClCompile Include="utils.cpp">
      <Filter>Source Files</Filter>
    </ClCompile>
    <ClCompile Include="main_api.cpp">
      <Filter>Source Files</Filter>
    </ClCompile>
    <ClCompile Include="read_data.cpp">
      <Filter>Source Files</Filter>
    </ClCompile>
    <ClCompile Include="ipcam.cpp">
      <Filter>Source Files</Filter>
    </ClCompile>
    <ClCompile Include="log.cpp">
      <Filter>Source Files</Filter>
    </ClCompile>
    <ClCompile Include="led.cpp">
      <Filter>Source Files</Filter>
    </ClCompile>
    <ClCompile Include="main.cpp">
      <Filter>Source Files</Filter>
    </ClCompile>
  </ItemGroup>
</Project>